{
  "nodes": {
    "nixpkgs": {
      "locked": {
        "lastModified": 1775710090,
        "narHash": "sha256-ar3rofg+awPB8QXDaFJhJ2jJhu+KqN/PRCXeyuXR76E=",
        "owner": "NixOS",
        "repo": "nixpkgs",
        "rev": "4c1018dae018162ec878d42fec712642d214fdfa",
        "type": "github"
      },
      "original": {
        "owner": "NixOS",
        "ref": "nixos-unstable",
        "repo": "nixpkgs",
        "type": "github"
      }
    },
    "patchset": {
      "flake": false,
      "locked": {
        "narHash": "sha256-qOTaoqfES2eT7shVxZbg+SHT1/0Mg/j4SWAzybtnszQ=",
        "type": "file",
        "url": "https://aur.archlinux.org/cgit/aur.git/plain/qt6ct-shenanigans.patch?h=qt6ct-kde"
      },
      "original": {
        "type": "file",
        "url": "https://aur.archlinux.org/cgit/aur.git/plain/qt6ct-shenanigans.patch?h=qt6ct-kde"
      }
    },
    "root": {
      "inputs": {
        "nixpkgs": "nixpkgs",
        "patchset": "patchset"
      }
    }
  },
  "root": "root",
  "version": 7
}
