{
  "nodes": {
    "nixpkgs": {
      "locked": {
        "lastModified": 1768305791,
        "narHash": "sha256-AIdl6WAn9aymeaH/NvBj0H9qM+XuAuYbGMZaP0zcXAQ=",
        "owner": "NixOS",
        "repo": "nixpkgs",
        "rev": "1412caf7bf9e660f2f962917c14b1ea1c3bc695e",
        "type": "github"
      },
      "original": {
        "owner": "NixOS",
        "ref": "nixos-unstable",
        "repo": "nixpkgs",
        "type": "github"
      }
    },
    "patchset": {
      "flake": false,
      "locked": {
        "narHash": "sha256-qOTaoqfES2eT7shVxZbg+SHT1/0Mg/j4SWAzybtnszQ=",
        "type": "file",
        "url": "https://aur.archlinux.org/cgit/aur.git/plain/qt6ct-shenanigans.patch?h=qt6ct-kde"
      },
      "original": {
        "type": "file",
        "url": "https://aur.archlinux.org/cgit/aur.git/plain/qt6ct-shenanigans.patch?h=qt6ct-kde"
      }
    },
    "root": {
      "inputs": {
        "nixpkgs": "nixpkgs",
        "patchset": "patchset"
      }
    }
  },
  "root": "root",
  "version": 7
}
